
Microsoft Visual Studio Solution File, Format Version 12.00
# Visual Studio 2012
Project("{FAE04EC0-301F-11D3-BF4B-00C04F79EFBC}") = "ForibaBulutLedgerSampleProject", "ForibaBulutLedgerSampleProject\ForibaBulutLedgerSampleProject.csproj", "{985B812B-5AE9-4D0C-A803-BC08524250EF}"
EndProject
Global
	GlobalSection(SolutionConfigurationPlatforms) = preSolution
		Debug|Any CPU = Debug|Any CPU
		Release|Any CPU = Release|Any CPU
	EndGlobalSection
	GlobalSection(ProjectConfigurationPlatforms) = postSolution
		{985B812B-5AE9-4D0C-A803-BC08524250EF}.Debug|Any CPU.ActiveCfg = Debug|Any CPU
		{985B812B-5AE9-4D0C-A803-BC08524250EF}.Debug|Any CPU.Build.0 = Debug|Any CPU
		{985B812B-5AE9-4D0C-A803-BC08524250EF}.Release|Any CPU.ActiveCfg = Release|Any CPU
		{985B812B-5AE9-4D0C-A803-BC08524250EF}.Release|Any CPU.Build.0 = Release|Any CPU
	EndGlobalSection
	GlobalSection(SolutionProperties) = preSolution
		HideSolutionNode = FALSE
	EndGlobalSection
EndGlobal
